
Microsoft Visual Studio Solution File, Format Version 12.00
# Visual Studio Version 17
VisualStudioVersion = 17.1.32319.34
MinimumVisualStudioVersion = 10.0.40219.1
Project("{FAE04EC0-301F-11D3-BF4B-00C04F79EFBC}") = "Restaurant_Booker_App.Android", "Restaurant_Booker_App\Restaurant_Booker_App.Android\Restaurant_Booker_App.Android.csproj", "{53A3B8C1-6EF9-479D-9019-578B9DA22C2E}"
EndProject
Project("{FAE04EC0-301F-11D3-BF4B-00C04F79EFBC}") = "Restaurant_Booker_App.iOS", "Restaurant_Booker_App\Restaurant_Booker_App.iOS\Restaurant_Booker_App.iOS.csproj", "{165D174F-A94B-485F-9F05-C1E86F45DFE9}"
EndProject
Project("{FAE04EC0-301F-11D3-BF4B-00C04F79EFBC}") = "Restaurant_Booker_App", "Restaurant_Booker_App\Restaurant_Booker_App\Restaurant_Booker_App.csproj", "{22D5CBB3-1012-4503-83A5-26D3BC29CDA7}"
EndProject
Global
	GlobalSection(SolutionConfigurationPlatforms) = preSolution
		Debug|Any CPU = Debug|Any CPU
		Debug|iPhone = Debug|iPhone
		Debug|iPhoneSimulator = Debug|iPhoneSimulator
		Release|Any CPU = Release|Any CPU
		Release|iPhone = Release|iPhone
		Release|iPhoneSimulator = Release|iPhoneSimulator
	EndGlobalSection
	GlobalSection(ProjectConfigurationPlatforms) = postSolution
		{53A3B8C1-6EF9-479D-9019-578B9DA22C2E}.Debug|Any CPU.ActiveCfg = Debug|Any CPU
		{53A3B8C1-6EF9-479D-9019-578B9DA22C2E}.Debug|Any CPU.Build.0 = Debug|Any CPU
		{53A3B8C1-6EF9-479D-9019-578B9DA22C2E}.Debug|Any CPU.Deploy.0 = Debug|Any CPU
		{53A3B8C1-6EF9-479D-9019-578B9DA22C2E}.Debug|iPhone.ActiveCfg = Debug|Any CPU
		{53A3B8C1-6EF9-479D-9019-578B9DA22C2E}.Debug|iPhone.Build.0 = Debug|Any CPU
		{53A3B8C1-6EF9-479D-9019-578B9DA22C2E}.Debug|iPhone.Deploy.0 = Debug|Any CPU
		{53A3B8C1-6EF9-479D-9019-578B9DA22C2E}.Debug|iPhoneSimulator.ActiveCfg = Debug|Any CPU
		{53A3B8C1-6EF9-479D-9019-578B9DA22C2E}.Debug|iPhoneSimulator.Build.0 = Debug|Any CPU
		{53A3B8C1-6EF9-479D-9019-578B9DA22C2E}.Debug|iPhoneSimulator.Deploy.0 = Debug|Any CPU
		{53A3B8C1-6EF9-479D-9019-578B9DA22C2E}.Release|Any CPU.ActiveCfg = Release|Any CPU
		{53A3B8C1-6EF9-479D-9019-578B9DA22C2E}.Release|Any CPU.Build.0 = Release|Any CPU
		{53A3B8C1-6EF9-479D-9019-578B9DA22C2E}.Release|Any CPU.Deploy.0 = Release|Any CPU
		{53A3B8C1-6EF9-479D-9019-578B9DA22C2E}.Release|iPhone.ActiveCfg = Release|Any CPU
		{53A3B8C1-6EF9-479D-9019-578B9DA22C2E}.Release|iPhone.Build.0 = Release|Any CPU
		{53A3B8C1-6EF9-479D-9019-578B9DA22C2E}.Release|iPhone.Deploy.0 = Release|Any CPU
		{53A3B8C1-6EF9-479D-9019-578B9DA22C2E}.Release|iPhoneSimulator.ActiveCfg = Release|Any CPU
		{53A3B8C1-6EF9-479D-9019-578B9DA22C2E}.Release|iPhoneSimulator.Build.0 = Release|Any CPU
		{53A3B8C1-6EF9-479D-9019-578B9DA22C2E}.Release|iPhoneSimulator.Deploy.0 = Release|Any CPU
		{165D174F-A94B-485F-9F05-C1E86F45DFE9}.Debug|Any CPU.ActiveCfg = Debug|iPhone
		{165D174F-A94B-485F-9F05-C1E86F45DFE9}.Debug|Any CPU.Build.0 = Debug|iPhone
		{165D174F-A94B-485F-9F05-C1E86F45DFE9}.Debug|Any CPU.Deploy.0 = Debug|iPhone
		{165D174F-A94B-485F-9F05-C1E86F45DFE9}.Debug|iPhone.ActiveCfg = Debug|iPhone
		{165D174F-A94B-485F-9F05-C1E86F45DFE9}.Debug|iPhone.Build.0 = Debug|iPhone
		{165D174F-A94B-485F-9F05-C1E86F45DFE9}.Debug|iPhone.Deploy.0 = Debug|iPhone
		{165D174F-A94B-485F-9F05-C1E86F45DFE9}.Debug|iPhoneSimulator.ActiveCfg = Debug|iPhoneSimulator
		{165D174F-A94B-485F-9F05-C1E86F45DFE9}.Debug|iPhoneSimulator.Build.0 = Debug|iPhoneSimulator
		{165D174F-A94B-485F-9F05-C1E86F45DFE9}.Debug|iPhoneSimulator.Deploy.0 = Debug|iPhoneSimulator
		{165D174F-A94B-485F-9F05-C1E86F45DFE9}.Release|Any CPU.ActiveCfg = Release|iPhoneSimulator
		{165D174F-A94B-485F-9F05-C1E86F45DFE9}.Release|Any CPU.Build.0 = Release|iPhoneSimulator
		{165D174F-A94B-485F-9F05-C1E86F45DFE9}.Release|Any CPU.Deploy.0 = Release|iPhoneSimulator
		{165D174F-A94B-485F-9F05-C1E86F45DFE9}.Release|iPhone.ActiveCfg = Release|iPhone
		{165D174F-A94B-485F-9F05-C1E86F45DFE9}.Release|iPhone.Build.0 = Release|iPhone
		{165D174F-A94B-485F-9F05-C1E86F45DFE9}.Release|iPhone.Deploy.0 = Release|iPhone
		{165D174F-A94B-485F-9F05-C1E86F45DFE9}.Release|iPhoneSimulator.ActiveCfg = Release|iPhoneSimulator
		{165D174F-A94B-485F-9F05-C1E86F45DFE9}.Release|iPhoneSimulator.Build.0 = Release|iPhoneSimulator
		{165D174F-A94B-485F-9F05-C1E86F45DFE9}.Release|iPhoneSimulator.Deploy.0 = Release|iPhoneSimulator
		{22D5CBB3-1012-4503-83A5-26D3BC29CDA7}.Debug|Any CPU.ActiveCfg = Debug|Any CPU
		{22D5CBB3-1012-4503-83A5-26D3BC29CDA7}.Debug|Any CPU.Build.0 = Debug|Any CPU
		{22D5CBB3-1012-4503-83A5-26D3BC29CDA7}.Debug|Any CPU.Deploy.0 = Debug|Any CPU
		{22D5CBB3-1012-4503-83A5-26D3BC29CDA7}.Debug|iPhone.ActiveCfg = Debug|Any CPU
		{22D5CBB3-1012-4503-83A5-26D3BC29CDA7}.Debug|iPhone.Build.0 = Debug|Any CPU
		{22D5CBB3-1012-4503-83A5-26D3BC29CDA7}.Debug|iPhone.Deploy.0 = Debug|Any CPU
		{22D5CBB3-1012-4503-83A5-26D3BC29CDA7}.Debug|iPhoneSimulator.ActiveCfg = Debug|Any CPU
		{22D5CBB3-1012-4503-83A5-26D3BC29CDA7}.Debug|iPhoneSimulator.Build.0 = Debug|Any CPU
		{22D5CBB3-1012-4503-83A5-26D3BC29CDA7}.Debug|iPhoneSimulator.Deploy.0 = Debug|Any CPU
		{22D5CBB3-1012-4503-83A5-26D3BC29CDA7}.Release|Any CPU.ActiveCfg = Release|Any CPU
		{22D5CBB3-1012-4503-83A5-26D3BC29CDA7}.Release|Any CPU.Build.0 = Release|Any CPU
		{22D5CBB3-1012-4503-83A5-26D3BC29CDA7}.Release|Any CPU.Deploy.0 = Release|Any CPU
		{22D5CBB3-1012-4503-83A5-26D3BC29CDA7}.Release|iPhone.ActiveCfg = Release|Any CPU
		{22D5CBB3-1012-4503-83A5-26D3BC29CDA7}.Release|iPhone.Build.0 = Release|Any CPU
		{22D5CBB3-1012-4503-83A5-26D3BC29CDA7}.Release|iPhone.Deploy.0 = Release|Any CPU
		{22D5CBB3-1012-4503-83A5-26D3BC29CDA7}.Release|iPhoneSimulator.ActiveCfg = Release|Any CPU
		{22D5CBB3-1012-4503-83A5-26D3BC29CDA7}.Release|iPhoneSimulator.Build.0 = Release|Any CPU
		{22D5CBB3-1012-4503-83A5-26D3BC29CDA7}.Release|iPhoneSimulator.Deploy.0 = Release|Any CPU
	EndGlobalSection
	GlobalSection(SolutionProperties) = preSolution
		HideSolutionNode = FALSE
	EndGlobalSection
	GlobalSection(ExtensibilityGlobals) = postSolution
		SolutionGuid = {E8DB3757-943B-4A8B-BD20-3C32894004D5}
	EndGlobalSection
EndGlobal
